// !$*UTF8*$!
{
	archiveVersion = 1;
	classes = {
	};
	objectVersion = 52;
	objects = {

/* Begin PBXBuildFile section */
		AB2AD8EE23F3FB4500D2C4C9 /* Alamofire in Frameworks */ = {isa = PBXBuildFile; productRef = AB2AD8ED23F3FB4500D2C4C9 /* Alamofire */; };
		AB2AD8F123F3FC1200D2C4C9 /* Differentiator in Frameworks */ = {isa = PBXBuildFile; productRef = AB2AD8F023F3FC1200D2C4C9 /* Differentiator */; };
		AB2AD8F323F3FC1200D2C4C9 /* RxDataSources in Frameworks */ = {isa = PBXBuildFile; productRef = AB2AD8F223F3FC1200D2C4C9 /* RxDataSources */; };
		AB2AD8F623F3FC6200D2C4C9 /* Kingfisher in Frameworks */ = {isa = PBXBuildFile; productRef = AB2AD8F523F3FC6200D2C4C9 /* Kingfisher */; };
		AB2AD8F823F3FC6200D2C4C9 /* KingfisherSwiftUI in Frameworks */ = {isa = PBXBuildFile; productRef = AB2AD8F723F3FC6200D2C4C9 /* KingfisherSwiftUI */; };
		AB2AD8FB23F3FCAC00D2C4C9 /* SwiftPhoenixClient in Frameworks */ = {isa = PBXBuildFile; productRef = AB2AD8FA23F3FCAC00D2C4C9 /* SwiftPhoenixClient */; };
		AB2AD8FF23F3FEDE00D2C4C9 /* Differ in Frameworks */ = {isa = PBXBuildFile; productRef = AB2AD8FE23F3FEDE00D2C4C9 /* Differ */; };
		AB6809C023F26B1300D3040D /* AppDelegate.swift in Sources */ = {isa = PBXBuildFile; fileRef = AB6809BF23F26B1300D3040D /* AppDelegate.swift */; };
		AB6809C223F26B1300D3040D /* SceneDelegate.swift in Sources */ = {isa = PBXBuildFile; fileRef = AB6809C123F26B1300D3040D /* SceneDelegate.swift */; };
		AB6809C423F26B1300D3040D /* ViewController.swift in Sources */ = {isa = PBXBuildFile; fileRef = AB6809C323F26B1300D3040D /* ViewController.swift */; };
		AB6809C723F26B1300D3040D /* Main.storyboard in Resources */ = {isa = PBXBuildFile; fileRef = AB6809C523F26B1300D3040D /* Main.storyboard */; };
		AB6809C923F26B1500D3040D /* Assets.xcassets in Resources */ = {isa = PBXBuildFile; fileRef = AB6809C823F26B1500D3040D /* Assets.xcassets */; };
		AB6809CC23F26B1500D3040D /* LaunchScreen.storyboard in Resources */ = {isa = PBXBuildFile; fileRef = AB6809CA23F26B1500D3040D /* LaunchScreen.storyboard */; };
		AB6809D723F26B1500D3040D /* NotiCheckTests.swift in Sources */ = {isa = PBXBuildFile; fileRef = AB6809D623F26B1500D3040D /* NotiCheckTests.swift */; };
		AB6809E223F26B1500D3040D /* NotiCheckUITests.swift in Sources */ = {isa = PBXBuildFile; fileRef = AB6809E123F26B1500D3040D /* NotiCheckUITests.swift */; };
		AB6809F123F27C6300D3040D /* RxSwift in Frameworks */ = {isa = PBXBuildFile; productRef = AB6809F023F27C6300D3040D /* RxSwift */; };
		AB6809F323F27C6300D3040D /* RxTest in Frameworks */ = {isa = PBXBuildFile; productRef = AB6809F223F27C6300D3040D /* RxTest */; };
		AB6809F523F27C6300D3040D /* RxRelay in Frameworks */ = {isa = PBXBuildFile; productRef = AB6809F423F27C6300D3040D /* RxRelay */; };
		AB6809F723F27C6300D3040D /* RxCocoa in Frameworks */ = {isa = PBXBuildFile; productRef = AB6809F623F27C6300D3040D /* RxCocoa */; };
		AB6809F923F27C6300D3040D /* RxBlocking in Frameworks */ = {isa = PBXBuildFile; productRef = AB6809F823F27C6300D3040D /* RxBlocking */; };
		AB6809FB23F39F5600D3040D /* View.swift in Sources */ = {isa = PBXBuildFile; fileRef = AB6809FA23F39F5600D3040D /* View.swift */; };
/* End PBXBuildFile section */

/* Begin PBXContainerItemProxy section */
		AB6809D323F26B1500D3040D /* PBXContainerItemProxy */ = {
			isa = PBXContainerItemProxy;
			containerPortal = AB6809B423F26B1300D3040D /* Project object */;
			proxyType = 1;
			remoteGlobalIDString = AB6809BB23F26B1300D3040D;
			remoteInfo = NotiCheck;
		};
		AB6809DE23F26B1500D3040D /* PBXContainerItemProxy */ = {
			isa = PBXContainerItemProxy;
			containerPortal = AB6809B423F26B1300D3040D /* Project object */;
			proxyType = 1;
			remoteGlobalIDString = AB6809BB23F26B1300D3040D;
			remoteInfo = NotiCheck;
		};
/* End PBXContainerItemProxy section */

/* Begin PBXFileReference section */
		AB6809BC23F26B1300D3040D /* NotiCheck.app */ = {isa = PBXFileReference; explicitFileType = wrapper.application; includeInIndex = 0; path = NotiCheck.app; sourceTree = BUILT_PRODUCTS_DIR; };
		AB6809BF23F26B1300D3040D /* AppDelegate.swift */ = {isa = PBXFileReference; lastKnownFileType = sourcecode.swift; path = AppDelegate.swift; sourceTree = "<group>"; };
		AB6809C123F26B1300D3040D /* SceneDelegate.swift */ = {isa = PBXFileReference; lastKnownFileType = sourcecode.swift; path = SceneDelegate.swift; sourceTree = "<group>"; };
		AB6809C323F26B1300D3040D /* ViewController.swift */ = {isa = PBXFileReference; lastKnownFileType = sourcecode.swift; path = ViewController.swift; sourceTree = "<group>"; };
		AB6809C623F26B1300D3040D /* Base */ = {isa = PBXFileReference; lastKnownFileType = file.storyboard; name = Base; path = Base.lproj/Main.storyboard; sourceTree = "<group>"; };
		AB6809C823F26B1500D3040D /* Assets.xcassets */ = {isa = PBXFileReference; lastKnownFileType = folder.assetcatalog; path = Assets.xcassets; sourceTree = "<group>"; };
		AB6809CB23F26B1500D3040D /* Base */ = {isa = PBXFileReference; lastKnownFileType = file.storyboard; name = Base; path = Base.lproj/LaunchScreen.storyboard; sourceTree = "<group>"; };
		AB6809CD23F26B1500D3040D /* Info.plist */ = {isa = PBXFileReference; lastKnownFileType = text.plist.xml; path = Info.plist; sourceTree = "<group>"; };
		AB6809D223F26B1500D3040D /* NotiCheckTests.xctest */ = {isa = PBXFileReference; explicitFileType = wrapper.cfbundle; includeInIndex = 0; path = NotiCheckTests.xctest; sourceTree = BUILT_PRODUCTS_DIR; };
		AB6809D623F26B1500D3040D /* NotiCheckTests.swift */ = {isa = PBXFileReference; lastKnownFileType = sourcecode.swift; path = NotiCheckTests.swift; sourceTree = "<group>"; };
		AB6809D823F26B1500D3040D /* Info.plist */ = {isa = PBXFileReference; lastKnownFileType = text.plist.xml; path = Info.plist; sourceTree = "<group>"; };
		AB6809DD23F26B1500D3040D /* NotiCheckUITests.xctest */ = {isa = PBXFileReference; explicitFileType = wrapper.cfbundle; includeInIndex = 0; path = NotiCheckUITests.xctest; sourceTree = BUILT_PRODUCTS_DIR; };
		AB6809E123F26B1500D3040D /* NotiCheckUITests.swift */ = {isa = PBXFileReference; lastKnownFileType = sourcecode.swift; path = NotiCheckUITests.swift; sourceTree = "<group>"; };
		AB6809E323F26B1500D3040D /* Info.plist */ = {isa = PBXFileReference; lastKnownFileType = text.plist.xml; path = Info.plist; sourceTree = "<group>"; };
		AB6809FA23F39F5600D3040D /* View.swift */ = {isa = PBXFileReference; lastKnownFileType = sourcecode.swift; path = View.swift; sourceTree = "<group>"; };
/* End PBXFileReference section */

/* Begin PBXFrameworksBuildPhase section */
		AB6809B923F26B1300D3040D /* Frameworks */ = {
			isa = PBXFrameworksBuildPhase;
			buildActionMask = 2147483647;
			files = (
				AB2AD8F123F3FC1200D2C4C9 /* Differentiator in Frameworks */,
				AB6809F523F27C6300D3040D /* RxRelay in Frameworks */,
				AB6809F323F27C6300D3040D /* RxTest in Frameworks */,
				AB2AD8F623F3FC6200D2C4C9 /* Kingfisher in Frameworks */,
				AB2AD8F823F3FC6200D2C4C9 /* KingfisherSwiftUI in Frameworks */,
				AB6809F723F27C6300D3040D /* RxCocoa in Frameworks */,
				AB2AD8EE23F3FB4500D2C4C9 /* Alamofire in Frameworks */,
				AB2AD8F323F3FC1200D2C4C9 /* RxDataSources in Frameworks */,
				AB6809F123F27C6300D3040D /* RxSwift in Frameworks */,
				AB6809F923F27C6300D3040D /* RxBlocking in Frameworks */,
				AB2AD8FF23F3FEDE00D2C4C9 /* Differ in Frameworks */,
				AB2AD8FB23F3FCAC00D2C4C9 /* SwiftPhoenixClient in Frameworks */,
			);
			runOnlyForDeploymentPostprocessing = 0;
		};
		AB6809CF23F26B1500D3040D /* Frameworks */ = {
			isa = PBXFrameworksBuildPhase;
			buildActionMask = 2147483647;
			files = (
			);
			runOnlyForDeploymentPostprocessing = 0;
		};
		AB6809DA23F26B1500D3040D /* Frameworks */ = {
			isa = PBXFrameworksBuildPhase;
			buildActionMask = 2147483647;
			files = (
			);
			runOnlyForDeploymentPostprocessing = 0;
		};
/* End PBXFrameworksBuildPhase section */

/* Begin PBXGroup section */
		AB6809B323F26B1300D3040D = {
			isa = PBXGroup;
			children = (
				AB6809BE23F26B1300D3040D /* NotiCheck */,
				AB6809D523F26B1500D3040D /* NotiCheckTests */,
				AB6809E023F26B1500D3040D /* NotiCheckUITests */,
				AB6809BD23F26B1300D3040D /* Products */,
			);
			sourceTree = "<group>";
		};
		AB6809BD23F26B1300D3040D /* Products */ = {
			isa = PBXGroup;
			children = (
				AB6809BC23F26B1300D3040D /* NotiCheck.app */,
				AB6809D223F26B1500D3040D /* NotiCheckTests.xctest */,
				AB6809DD23F26B1500D3040D /* NotiCheckUITests.xctest */,
			);
			name = Products;
			sourceTree = "<group>";
		};
		AB6809BE23F26B1300D3040D /* NotiCheck */ = {
			isa = PBXGroup;
			children = (
				AB6809FD23F3C92400D3040D /* Base */,
				AB6809FC23F3C91F00D3040D /* Scene */,
				AB6809BF23F26B1300D3040D /* AppDelegate.swift */,
				AB6809C123F26B1300D3040D /* SceneDelegate.swift */,
				AB6809C523F26B1300D3040D /* Main.storyboard */,
				AB6809C823F26B1500D3040D /* Assets.xcassets */,
				AB6809CA23F26B1500D3040D /* LaunchScreen.storyboard */,
				AB6809CD23F26B1500D3040D /* Info.plist */,
				AB6809FA23F39F5600D3040D /* View.swift */,
			);
			path = NotiCheck;
			sourceTree = "<group>";
		};
		AB6809D523F26B1500D3040D /* NotiCheckTests */ = {
			isa = PBXGroup;
			children = (
				AB6809D623F26B1500D3040D /* NotiCheckTests.swift */,
				AB6809D823F26B1500D3040D /* Info.plist */,
			);
			path = NotiCheckTests;
			sourceTree = "<group>";
		};
		AB6809E023F26B1500D3040D /* NotiCheckUITests */ = {
			isa = PBXGroup;
			children = (
				AB6809E123F26B1500D3040D /* NotiCheckUITests.swift */,
				AB6809E323F26B1500D3040D /* Info.plist */,
			);
			path = NotiCheckUITests;
			sourceTree = "<group>";
		};
		AB6809FC23F3C91F00D3040D /* Scene */ = {
			isa = PBXGroup;
			children = (
				AB6809C323F26B1300D3040D /* ViewController.swift */,
			);
			path = Scene;
			sourceTree = "<group>";
		};
		AB6809FD23F3C92400D3040D /* Base */ = {
			isa = PBXGroup;
			children = (
			);
			path = Base;
			sourceTree = "<group>";
		};
/* End PBXGroup section */

/* Begin PBXNativeTarget section */
		AB6809BB23F26B1300D3040D /* NotiCheck */ = {
			isa = PBXNativeTarget;
			buildConfigurationList = AB6809E623F26B1500D3040D /* Build configuration list for PBXNativeTarget "NotiCheck" */;
			buildPhases = (
				AB6809B823F26B1300D3040D /* Sources */,
				AB6809B923F26B1300D3040D /* Frameworks */,
				AB6809BA23F26B1300D3040D /* Resources */,
			);
			buildRules = (
			);
			dependencies = (
			);
			name = NotiCheck;
			packageProductDependencies = (
				AB6809F023F27C6300D3040D /* RxSwift */,
				AB6809F223F27C6300D3040D /* RxTest */,
				AB6809F423F27C6300D3040D /* RxRelay */,
				AB6809F623F27C6300D3040D /* RxCocoa */,
				AB6809F823F27C6300D3040D /* RxBlocking */,
				AB2AD8ED23F3FB4500D2C4C9 /* Alamofire */,
				AB2AD8F023F3FC1200D2C4C9 /* Differentiator */,
				AB2AD8F223F3FC1200D2C4C9 /* RxDataSources */,
				AB2AD8F523F3FC6200D2C4C9 /* Kingfisher */,
				AB2AD8F723F3FC6200D2C4C9 /* KingfisherSwiftUI */,
				AB2AD8FA23F3FCAC00D2C4C9 /* SwiftPhoenixClient */,
				AB2AD8FE23F3FEDE00D2C4C9 /* Differ */,
			);
			productName = NotiCheck;
			productReference = AB6809BC23F26B1300D3040D /* NotiCheck.app */;
			productType = "com.apple.product-type.application";
		};
		AB6809D123F26B1500D3040D /* NotiCheckTests */ = {
			isa = PBXNativeTarget;
			buildConfigurationList = AB6809E923F26B1500D3040D /* Build configuration list for PBXNativeTarget "NotiCheckTests" */;
			buildPhases = (
				24D94AD1C1005F0369B8A9E1 /* [CP] Check Pods Manifest.lock */,
				AB6809CE23F26B1500D3040D /* Sources */,
				AB6809CF23F26B1500D3040D /* Frameworks */,
				AB6809D023F26B1500D3040D /* Resources */,
			);
			buildRules = (
			);
			dependencies = (
				AB6809D423F26B1500D3040D /* PBXTargetDependency */,
			);
			name = NotiCheckTests;
			productName = NotiCheckTests;
			productReference = AB6809D223F26B1500D3040D /* NotiCheckTests.xctest */;
			productType = "com.apple.product-type.bundle.unit-test";
		};
		AB6809DC23F26B1500D3040D /* NotiCheckUITests */ = {
			isa = PBXNativeTarget;
			buildConfigurationList = AB6809EC23F26B1500D3040D /* Build configuration list for PBXNativeTarget "NotiCheckUITests" */;
			buildPhases = (
				6E968F5C3F97E2917F921AF1 /* [CP] Check Pods Manifest.lock */,
				AB6809D923F26B1500D3040D /* Sources */,
				AB6809DA23F26B1500D3040D /* Frameworks */,
				AB6809DB23F26B1500D3040D /* Resources */,
			);
			buildRules = (
			);
			dependencies = (
				AB6809DF23F26B1500D3040D /* PBXTargetDependency */,
			);
			name = NotiCheckUITests;
			productName = NotiCheckUITests;
			productReference = AB6809DD23F26B1500D3040D /* NotiCheckUITests.xctest */;
			productType = "com.apple.product-type.bundle.ui-testing";
		};
/* End PBXNativeTarget section */

/* Begin PBXProject section */
		AB6809B423F26B1300D3040D /* Project object */ = {
			isa = PBXProject;
			attributes = {
				LastSwiftUpdateCheck = 1130;
				LastUpgradeCheck = 1130;
				ORGANIZATIONNAME = "Daniel Kim";
				TargetAttributes = {
					AB6809BB23F26B1300D3040D = {
						CreatedOnToolsVersion = 11.3.1;
					};
					AB6809D123F26B1500D3040D = {
						CreatedOnToolsVersion = 11.3.1;
						TestTargetID = AB6809BB23F26B1300D3040D;
					};
					AB6809DC23F26B1500D3040D = {
						CreatedOnToolsVersion = 11.3.1;
						TestTargetID = AB6809BB23F26B1300D3040D;
					};
				};
			};
			buildConfigurationList = AB6809B723F26B1300D3040D /* Build configuration list for PBXProject "NotiCheck" */;
			compatibilityVersion = "Xcode 9.3";
			developmentRegion = en;
			hasScannedForEncodings = 0;
			knownRegions = (
				en,
				Base,
			);
			mainGroup = AB6809B323F26B1300D3040D;
			packageReferences = (
				AB6809EF23F27C6300D3040D /* XCRemoteSwiftPackageReference "RxSwift" */,
				AB2AD8EC23F3FB4500D2C4C9 /* XCRemoteSwiftPackageReference "Alamofire" */,
				AB2AD8EF23F3FC1200D2C4C9 /* XCRemoteSwiftPackageReference "RxDataSources" */,
				AB2AD8F423F3FC6200D2C4C9 /* XCRemoteSwiftPackageReference "Kingfisher" */,
				AB2AD8F923F3FCAC00D2C4C9 /* XCRemoteSwiftPackageReference "SwiftPhoenixClient" */,
				AB2AD8FC23F3FCFD00D2C4C9 /* XCRemoteSwiftPackageReference "swift-nio-zlib-support" */,
				AB2AD8FD23F3FEDE00D2C4C9 /* XCRemoteSwiftPackageReference "Differ" */,
			);
			productRefGroup = AB6809BD23F26B1300D3040D /* Products */;
			projectDirPath = "";
			projectRoot = "";
			targets = (
				AB6809BB23F26B1300D3040D /* NotiCheck */,
				AB6809D123F26B1500D3040D /* NotiCheckTests */,
				AB6809DC23F26B1500D3040D /* NotiCheckUITests */,
			);
		};
/* End PBXProject section */

/* Begin PBXResourcesBuildPhase section */
		AB6809BA23F26B1300D3040D /* Resources */ = {
			isa = PBXResourcesBuildPhase;
			buildActionMask = 2147483647;
			files = (
				AB6809CC23F26B1500D3040D /* LaunchScreen.storyboard in Resources */,
				AB6809C923F26B1500D3040D /* Assets.xcassets in Resources */,
				AB6809C723F26B1300D3040D /* Main.storyboard in Resources */,
			);
			runOnlyForDeploymentPostprocessing = 0;
		};
		AB6809D023F26B1500D3040D /* Resources */ = {
			isa = PBXResourcesBuildPhase;
			buildActionMask = 2147483647;
			files = (
			);
			runOnlyForDeploymentPostprocessing = 0;
		};
		AB6809DB23F26B1500D3040D /* Resources */ = {
			isa = PBXResourcesBuildPhase;
			buildActionMask = 2147483647;
			files = (
			);
			runOnlyForDeploymentPostprocessing = 0;
		};
/* End PBXResourcesBuildPhase section */

/* Begin PBXShellScriptBuildPhase section */
		24D94AD1C1005F0369B8A9E1 /* [CP] Check Pods Manifest.lock */ = {
			isa = PBXShellScriptBuildPhase;
			buildActionMask = 2147483647;
			files = (
			);
			inputFileListPaths = (
			);
			inputPaths = (
				"${PODS_PODFILE_DIR_PATH}/Podfile.lock",
				"${PODS_ROOT}/Manifest.lock",
			);
			name = "[CP] Check Pods Manifest.lock";
			outputFileListPaths = (
			);
			outputPaths = (
				"$(DERIVED_FILE_DIR)/Pods-NotiCheckTests-checkManifestLockResult.txt",
			);
			runOnlyForDeploymentPostprocessing = 0;
			shellPath = /bin/sh;
			shellScript = "diff \"${PODS_PODFILE_DIR_PATH}/Podfile.lock\" \"${PODS_ROOT}/Manifest.lock\" > /dev/null\nif [ $? != 0 ] ; then\n    # print error to STDERR\n    echo \"error: The sandbox is not in sync with the Podfile.lock. Run 'pod install' or update your CocoaPods installation.\" >&2\n    exit 1\nfi\n# This output is used by Xcode 'outputs' to avoid re-running this script phase.\necho \"SUCCESS\" > \"${SCRIPT_OUTPUT_FILE_0}\"\n";
			showEnvVarsInLog = 0;
		};
		6E968F5C3F97E2917F921AF1 /* [CP] Check Pods Manifest.lock */ = {
			isa = PBXShellScriptBuildPhase;
			buildActionMask = 2147483647;
			files = (
			);
			inputFileListPaths = (
			);
			inputPaths = (
				"${PODS_PODFILE_DIR_PATH}/Podfile.lock",
				"${PODS_ROOT}/Manifest.lock",
			);
			name = "[CP] Check Pods Manifest.lock";
			outputFileListPaths = (
			);
			outputPaths = (
				"$(DERIVED_FILE_DIR)/Pods-NotiCheck-NotiCheckUITests-checkManifestLockResult.txt",
			);
			runOnlyForDeploymentPostprocessing = 0;
			shellPath = /bin/sh;
			shellScript = "diff \"${PODS_PODFILE_DIR_PATH}/Podfile.lock\" \"${PODS_ROOT}/Manifest.lock\" > /dev/null\nif [ $? != 0 ] ; then\n    # print error to STDERR\n    echo \"error: The sandbox is not in sync with the Podfile.lock. Run 'pod install' or update your CocoaPods installation.\" >&2\n    exit 1\nfi\n# This output is used by Xcode 'outputs' to avoid re-running this script phase.\necho \"SUCCESS\" > \"${SCRIPT_OUTPUT_FILE_0}\"\n";
			showEnvVarsInLog = 0;
		};
/* End PBXShellScriptBuildPhase section */

/* Begin PBXSourcesBuildPhase section */
		AB6809B823F26B1300D3040D /* Sources */ = {
			isa = PBXSourcesBuildPhase;
			buildActionMask = 2147483647;
			files = (
				AB6809FB23F39F5600D3040D /* View.swift in Sources */,
				AB6809C423F26B1300D3040D /* ViewController.swift in Sources */,
				AB6809C023F26B1300D3040D /* AppDelegate.swift in Sources */,
				AB6809C223F26B1300D3040D /* SceneDelegate.swift in Sources */,
			);
			runOnlyForDeploymentPostprocessing = 0;
		};
		AB6809CE23F26B1500D3040D /* Sources */ = {
			isa = PBXSourcesBuildPhase;
			buildActionMask = 2147483647;
			files = (
				AB6809D723F26B1500D3040D /* NotiCheckTests.swift in Sources */,
			);
			runOnlyForDeploymentPostprocessing = 0;
		};
		AB6809D923F26B1500D3040D /* Sources */ = {
			isa = PBXSourcesBuildPhase;
			buildActionMask = 2147483647;
			files = (
				AB6809E223F26B1500D3040D /* NotiCheckUITests.swift in Sources */,
			);
			runOnlyForDeploymentPostprocessing = 0;
		};
/* End PBXSourcesBuildPhase section */

/* Begin PBXTargetDependency section */
		AB6809D423F26B1500D3040D /* PBXTargetDependency */ = {
			isa = PBXTargetDependency;
			target = AB6809BB23F26B1300D3040D /* NotiCheck */;
			targetProxy = AB6809D323F26B1500D3040D /* PBXContainerItemProxy */;
		};
		AB6809DF23F26B1500D3040D /* PBXTargetDependency */ = {
			isa = PBXTargetDependency;
			target = AB6809BB23F26B1300D3040D /* NotiCheck */;
			targetProxy = AB6809DE23F26B1500D3040D /* PBXContainerItemProxy */;
		};
/* End PBXTargetDependency section */

/* Begin PBXVariantGroup section */
		AB6809C523F26B1300D3040D /* Main.storyboard */ = {
			isa = PBXVariantGroup;
			children = (
				AB6809C623F26B1300D3040D /* Base */,
			);
			name = Main.storyboard;
			sourceTree = "<group>";
		};
		AB6809CA23F26B1500D3040D /* LaunchScreen.storyboard */ = {
			isa = PBXVariantGroup;
			children = (
				AB6809CB23F26B1500D3040D /* Base */,
			);
			name = LaunchScreen.storyboard;
			sourceTree = "<group>";
		};
/* End PBXVariantGroup section */

/* Begin XCBuildConfiguration section */
		AB6809E423F26B1500D3040D /* Debug */ = {
			isa = XCBuildConfiguration;
			buildSettings = {
				ALWAYS_SEARCH_USER_PATHS = NO;
				CLANG_ANALYZER_NONNULL = YES;
				CLANG_ANALYZER_NUMBER_OBJECT_CONVERSION = YES_AGGRESSIVE;
				CLANG_CXX_LANGUAGE_STANDARD = "gnu++14";
				CLANG_CXX_LIBRARY = "libc++";
				CLANG_ENABLE_MODULES = YES;
				CLANG_ENABLE_OBJC_ARC = YES;
				CLANG_ENABLE_OBJC_WEAK = YES;
				CLANG_WARN_BLOCK_CAPTURE_AUTORELEASING = YES;
				CLANG_WARN_BOOL_CONVERSION = YES;
				CLANG_WARN_COMMA = YES;
				CLANG_WARN_CONSTANT_CONVERSION = YES;
				CLANG_WARN_DEPRECATED_OBJC_IMPLEMENTATIONS = YES;
				CLANG_WARN_DIRECT_OBJC_ISA_USAGE = YES_ERROR;
				CLANG_WARN_DOCUMENTATION_COMMENTS = YES;
				CLANG_WARN_EMPTY_BODY = YES;
				CLANG_WARN_ENUM_CONVERSION = YES;
				CLANG_WARN_INFINITE_RECURSION = YES;
				CLANG_WARN_INT_CONVERSION = YES;
				CLANG_WARN_NON_LITERAL_NULL_CONVERSION = YES;
				CLANG_WARN_OBJC_IMPLICIT_RETAIN_SELF = YES;
				CLANG_WARN_OBJC_LITERAL_CONVERSION = YES;
				CLANG_WARN_OBJC_ROOT_CLASS = YES_ERROR;
				CLANG_WARN_RANGE_LOOP_ANALYSIS = YES;
				CLANG_WARN_STRICT_PROTOTYPES = YES;
				CLANG_WARN_SUSPICIOUS_MOVE = YES;
				CLANG_WARN_UNGUARDED_AVAILABILITY = YES_AGGRESSIVE;
				CLANG_WARN_UNREACHABLE_CODE = YES;
				CLANG_WARN__DUPLICATE_METHOD_MATCH = YES;
				COPY_PHASE_STRIP = NO;
				DEBUG_INFORMATION_FORMAT = dwarf;
				ENABLE_STRICT_OBJC_MSGSEND = YES;
				ENABLE_TESTABILITY = YES;
				GCC_C_LANGUAGE_STANDARD = gnu11;
				GCC_DYNAMIC_NO_PIC = NO;
				GCC_NO_COMMON_BLOCKS = YES;
				GCC_OPTIMIZATION_LEVEL = 0;
				GCC_PREPROCESSOR_DEFINITIONS = (
					"DEBUG=1",
					"$(inherited)",
				);
				GCC_WARN_64_TO_32_BIT_CONVERSION = YES;
				GCC_WARN_ABOUT_RETURN_TYPE = YES_ERROR;
				GCC_WARN_UNDECLARED_SELECTOR = YES;
				GCC_WARN_UNINITIALIZED_AUTOS = YES_AGGRESSIVE;
				GCC_WARN_UNUSED_FUNCTION = YES;
				GCC_WARN_UNUSED_VARIABLE = YES;
				IPHONEOS_DEPLOYMENT_TARGET = 13.2;
				MTL_ENABLE_DEBUG_INFO = INCLUDE_SOURCE;
				MTL_FAST_MATH = YES;
				ONLY_ACTIVE_ARCH = YES;
				SDKROOT = iphoneos;
				SWIFT_ACTIVE_COMPILATION_CONDITIONS = DEBUG;
				SWIFT_OPTIMIZATION_LEVEL = "-Onone";
			};
			name = Debug;
		};
		AB6809E523F26B1500D3040D /* Release */ = {
			isa = XCBuildConfiguration;
			buildSettings = {
				ALWAYS_SEARCH_USER_PATHS = NO;
				CLANG_ANALYZER_NONNULL = YES;
				CLANG_ANALYZER_NUMBER_OBJECT_CONVERSION = YES_AGGRESSIVE;
				CLANG_CXX_LANGUAGE_STANDARD = "gnu++14";
				CLANG_CXX_LIBRARY = "libc++";
				CLANG_ENABLE_MODULES = YES;
				CLANG_ENABLE_OBJC_ARC = YES;
				CLANG_ENABLE_OBJC_WEAK = YES;
				CLANG_WARN_BLOCK_CAPTURE_AUTORELEASING = YES;
				CLANG_WARN_BOOL_CONVERSION = YES;
				CLANG_WARN_COMMA = YES;
				CLANG_WARN_CONSTANT_CONVERSION = YES;
				CLANG_WARN_DEPRECATED_OBJC_IMPLEMENTATIONS = YES;
				CLANG_WARN_DIRECT_OBJC_ISA_USAGE = YES_ERROR;
				CLANG_WARN_DOCUMENTATION_COMMENTS = YES;
				CLANG_WARN_EMPTY_BODY = YES;
				CLANG_WARN_ENUM_CONVERSION = YES;
				CLANG_WARN_INFINITE_RECURSION = YES;
				CLANG_WARN_INT_CONVERSION = YES;
				CLANG_WARN_NON_LITERAL_NULL_CONVERSION = YES;
				CLANG_WARN_OBJC_IMPLICIT_RETAIN_SELF = YES;
				CLANG_WARN_OBJC_LITERAL_CONVERSION = YES;
				CLANG_WARN_OBJC_ROOT_CLASS = YES_ERROR;
				CLANG_WARN_RANGE_LOOP_ANALYSIS = YES;
				CLANG_WARN_STRICT_PROTOTYPES = YES;
				CLANG_WARN_SUSPICIOUS_MOVE = YES;
				CLANG_WARN_UNGUARDED_AVAILABILITY = YES_AGGRESSIVE;
				CLANG_WARN_UNREACHABLE_CODE = YES;
				CLANG_WARN__DUPLICATE_METHOD_MATCH = YES;
				COPY_PHASE_STRIP = NO;
				DEBUG_INFORMATION_FORMAT = "dwarf-with-dsym";
				ENABLE_NS_ASSERTIONS = NO;
				ENABLE_STRICT_OBJC_MSGSEND = YES;
				GCC_C_LANGUAGE_STANDARD = gnu11;
				GCC_NO_COMMON_BLOCKS = YES;
				GCC_WARN_64_TO_32_BIT_CONVERSION = YES;
				GCC_WARN_ABOUT_RETURN_TYPE = YES_ERROR;
				GCC_WARN_UNDECLARED_SELECTOR = YES;
				GCC_WARN_UNINITIALIZED_AUTOS = YES_AGGRESSIVE;
				GCC_WARN_UNUSED_FUNCTION = YES;
				GCC_WARN_UNUSED_VARIABLE = YES;
				IPHONEOS_DEPLOYMENT_TARGET = 13.2;
				MTL_ENABLE_DEBUG_INFO = NO;
				MTL_FAST_MATH = YES;
				SDKROOT = iphoneos;
				SWIFT_COMPILATION_MODE = wholemodule;
				SWIFT_OPTIMIZATION_LEVEL = "-O";
				VALIDATE_PRODUCT = YES;
			};
			name = Release;
		};
		AB6809E723F26B1500D3040D /* Debug */ = {
			isa = XCBuildConfiguration;
			buildSettings = {
				ASSETCATALOG_COMPILER_APPICON_NAME = AppIcon;
				CODE_SIGN_STYLE = Automatic;
				DEVELOPMENT_TEAM = CX2K28Z3E9;
				INFOPLIST_FILE = NotiCheck/Info.plist;
				LD_RUNPATH_SEARCH_PATHS = (
					"$(inherited)",
					"@executable_path/Frameworks",
				);
				PRODUCT_BUNDLE_IDENTIFIER = daniel.NotiCheck;
				PRODUCT_NAME = "$(TARGET_NAME)";
				SWIFT_VERSION = 5.0;
				TARGETED_DEVICE_FAMILY = "1,2";
			};
			name = Debug;
		};
		AB6809E823F26B1500D3040D /* Release */ = {
			isa = XCBuildConfiguration;
			buildSettings = {
				ASSETCATALOG_COMPILER_APPICON_NAME = AppIcon;
				CODE_SIGN_STYLE = Automatic;
				DEVELOPMENT_TEAM = CX2K28Z3E9;
				INFOPLIST_FILE = NotiCheck/Info.plist;
				LD_RUNPATH_SEARCH_PATHS = (
					"$(inherited)",
					"@executable_path/Frameworks",
				);
				PRODUCT_BUNDLE_IDENTIFIER = daniel.NotiCheck;
				PRODUCT_NAME = "$(TARGET_NAME)";
				SWIFT_VERSION = 5.0;
				TARGETED_DEVICE_FAMILY = "1,2";
			};
			name = Release;
		};
		AB6809EA23F26B1500D3040D /* Debug */ = {
			isa = XCBuildConfiguration;
			buildSettings = {
				ALWAYS_EMBED_SWIFT_STANDARD_LIBRARIES = YES;
				BUNDLE_LOADER = "$(TEST_HOST)";
				CODE_SIGN_STYLE = Automatic;
				INFOPLIST_FILE = NotiCheckTests/Info.plist;
				IPHONEOS_DEPLOYMENT_TARGET = 13.2;
				LD_RUNPATH_SEARCH_PATHS = (
					"$(inherited)",
					"@executable_path/Frameworks",
					"@loader_path/Frameworks",
				);
				PRODUCT_BUNDLE_IDENTIFIER = daniel.NotiCheckTests;
				PRODUCT_NAME = "$(TARGET_NAME)";
				SWIFT_VERSION = 5.0;
				TARGETED_DEVICE_FAMILY = "1,2";
				TEST_HOST = "$(BUILT_PRODUCTS_DIR)/NotiCheck.app/NotiCheck";
			};
			name = Debug;
		};
		AB6809EB23F26B1500D3040D /* Release */ = {
			isa = XCBuildConfiguration;
			buildSettings = {
				ALWAYS_EMBED_SWIFT_STANDARD_LIBRARIES = YES;
				BUNDLE_LOADER = "$(TEST_HOST)";
				CODE_SIGN_STYLE = Automatic;
				INFOPLIST_FILE = NotiCheckTests/Info.plist;
				IPHONEOS_DEPLOYMENT_TARGET = 13.2;
				LD_RUNPATH_SEARCH_PATHS = (
					"$(inherited)",
					"@executable_path/Frameworks",
					"@loader_path/Frameworks",
				);
				PRODUCT_BUNDLE_IDENTIFIER = daniel.NotiCheckTests;
				PRODUCT_NAME = "$(TARGET_NAME)";
				SWIFT_VERSION = 5.0;
				TARGETED_DEVICE_FAMILY = "1,2";
				TEST_HOST = "$(BUILT_PRODUCTS_DIR)/NotiCheck.app/NotiCheck";
			};
			name = Release;
		};
		AB6809ED23F26B1500D3040D /* Debug */ = {
			isa = XCBuildConfiguration;
			buildSettings = {
				ALWAYS_EMBED_SWIFT_STANDARD_LIBRARIES = YES;
				CODE_SIGN_STYLE = Automatic;
				INFOPLIST_FILE = NotiCheckUITests/Info.plist;
				LD_RUNPATH_SEARCH_PATHS = (
					"$(inherited)",
					"@executable_path/Frameworks",
					"@loader_path/Frameworks",
				);
				PRODUCT_BUNDLE_IDENTIFIER = daniel.NotiCheckUITests;
				PRODUCT_NAME = "$(TARGET_NAME)";
				SWIFT_VERSION = 5.0;
				TARGETED_DEVICE_FAMILY = "1,2";
				TEST_TARGET_NAME = NotiCheck;
			};
			name = Debug;
		};
		AB6809EE23F26B1500D3040D /* Release */ = {
			isa = XCBuildConfiguration;
			buildSettings = {
				ALWAYS_EMBED_SWIFT_STANDARD_LIBRARIES = YES;
				CODE_SIGN_STYLE = Automatic;
				INFOPLIST_FILE = NotiCheckUITests/Info.plist;
				LD_RUNPATH_SEARCH_PATHS = (
					"$(inherited)",
					"@executable_path/Frameworks",
					"@loader_path/Frameworks",
				);
				PRODUCT_BUNDLE_IDENTIFIER = daniel.NotiCheckUITests;
				PRODUCT_NAME = "$(TARGET_NAME)";
				SWIFT_VERSION = 5.0;
				TARGETED_DEVICE_FAMILY = "1,2";
				TEST_TARGET_NAME = NotiCheck;
			};
			name = Release;
		};
/* End XCBuildConfiguration section */

/* Begin XCConfigurationList section */
		AB6809B723F26B1300D3040D /* Build configuration list for PBXProject "NotiCheck" */ = {
			isa = XCConfigurationList;
			buildConfigurations = (
				AB6809E423F26B1500D3040D /* Debug */,
				AB6809E523F26B1500D3040D /* Release */,
			);
			defaultConfigurationIsVisible = 0;
			defaultConfigurationName = Release;
		};
		AB6809E623F26B1500D3040D /* Build configuration list for PBXNativeTarget "NotiCheck" */ = {
			isa = XCConfigurationList;
			buildConfigurations = (
				AB6809E723F26B1500D3040D /* Debug */,
				AB6809E823F26B1500D3040D /* Release */,
			);
			defaultConfigurationIsVisible = 0;
			defaultConfigurationName = Release;
		};
		AB6809E923F26B1500D3040D /* Build configuration list for PBXNativeTarget "NotiCheckTests" */ = {
			isa = XCConfigurationList;
			buildConfigurations = (
				AB6809EA23F26B1500D3040D /* Debug */,
				AB6809EB23F26B1500D3040D /* Release */,
			);
			defaultConfigurationIsVisible = 0;
			defaultConfigurationName = Release;
		};
		AB6809EC23F26B1500D3040D /* Build configuration list for PBXNativeTarget "NotiCheckUITests" */ = {
			isa = XCConfigurationList;
			buildConfigurations = (
				AB6809ED23F26B1500D3040D /* Debug */,
				AB6809EE23F26B1500D3040D /* Release */,
			);
			defaultConfigurationIsVisible = 0;
			defaultConfigurationName = Release;
		};
/* End XCConfigurationList section */

/* Begin XCRemoteSwiftPackageReference section */
		AB2AD8EC23F3FB4500D2C4C9 /* XCRemoteSwiftPackageReference "Alamofire" */ = {
			isa = XCRemoteSwiftPackageReference;
			repositoryURL = "https://github.com/Alamofire/Alamofire.git";
			requirement = {
				kind = upToNextMajorVersion;
				minimumVersion = 4.9.1;
			};
		};
		AB2AD8EF23F3FC1200D2C4C9 /* XCRemoteSwiftPackageReference "RxDataSources" */ = {
			isa = XCRemoteSwiftPackageReference;
			repositoryURL = "https://github.com/RxSwiftCommunity/RxDataSources.git";
			requirement = {
				kind = upToNextMajorVersion;
				minimumVersion = 4.0.1;
			};
		};
		AB2AD8F423F3FC6200D2C4C9 /* XCRemoteSwiftPackageReference "Kingfisher" */ = {
			isa = XCRemoteSwiftPackageReference;
			repositoryURL = "https://github.com/onevcat/Kingfisher.git";
			requirement = {
				kind = upToNextMajorVersion;
				minimumVersion = 5.13.0;
			};
		};
		AB2AD8F923F3FCAC00D2C4C9 /* XCRemoteSwiftPackageReference "SwiftPhoenixClient" */ = {
			isa = XCRemoteSwiftPackageReference;
			repositoryURL = "https://github.com/davidstump/SwiftPhoenixClient.git";
			requirement = {
				kind = upToNextMajorVersion;
				minimumVersion = 1.2.0;
			};
		};
		AB2AD8FC23F3FCFD00D2C4C9 /* XCRemoteSwiftPackageReference "swift-nio-zlib-support" */ = {
			isa = XCRemoteSwiftPackageReference;
			repositoryURL = "https://github.com/apple/swift-nio-zlib-support.git";
			requirement = {
				kind = upToNextMajorVersion;
				minimumVersion = 1.0.0;
			};
		};
		AB2AD8FD23F3FEDE00D2C4C9 /* XCRemoteSwiftPackageReference "Differ" */ = {
			isa = XCRemoteSwiftPackageReference;
			repositoryURL = "https://github.com/tonyarnold/Differ.git";
			requirement = {
				kind = upToNextMajorVersion;
				minimumVersion = 1.4.4;
			};
		};
		AB6809EF23F27C6300D3040D /* XCRemoteSwiftPackageReference "RxSwift" */ = {
			isa = XCRemoteSwiftPackageReference;
			repositoryURL = "https://github.com/ReactiveX/RxSwift.git";
			requirement = {
				kind = upToNextMajorVersion;
				minimumVersion = 5.0.1;
			};
		};
/* End XCRemoteSwiftPackageReference section */

/* Begin XCSwiftPackageProductDependency section */
		AB2AD8ED23F3FB4500D2C4C9 /* Alamofire */ = {
			isa = XCSwiftPackageProductDependency;
			package = AB2AD8EC23F3FB4500D2C4C9 /* XCRemoteSwiftPackageReference "Alamofire" */;
			productName = Alamofire;
		};
		AB2AD8F023F3FC1200D2C4C9 /* Differentiator */ = {
			isa = XCSwiftPackageProductDependency;
			package = AB2AD8EF23F3FC1200D2C4C9 /* XCRemoteSwiftPackageReference "RxDataSources" */;
			productName = Differentiator;
		};
		AB2AD8F223F3FC1200D2C4C9 /* RxDataSources */ = {
			isa = XCSwiftPackageProductDependency;
			package = AB2AD8EF23F3FC1200D2C4C9 /* XCRemoteSwiftPackageReference "RxDataSources" */;
			productName = RxDataSources;
		};
		AB2AD8F523F3FC6200D2C4C9 /* Kingfisher */ = {
			isa = XCSwiftPackageProductDependency;
			package = AB2AD8F423F3FC6200D2C4C9 /* XCRemoteSwiftPackageReference "Kingfisher" */;
			productName = Kingfisher;
		};
		AB2AD8F723F3FC6200D2C4C9 /* KingfisherSwiftUI */ = {
			isa = XCSwiftPackageProductDependency;
			package = AB2AD8F423F3FC6200D2C4C9 /* XCRemoteSwiftPackageReference "Kingfisher" */;
			productName = KingfisherSwiftUI;
		};
		AB2AD8FA23F3FCAC00D2C4C9 /* SwiftPhoenixClient */ = {
			isa = XCSwiftPackageProductDependency;
			package = AB2AD8F923F3FCAC00D2C4C9 /* XCRemoteSwiftPackageReference "SwiftPhoenixClient" */;
			productName = SwiftPhoenixClient;
		};
		AB2AD8FE23F3FEDE00D2C4C9 /* Differ */ = {
			isa = XCSwiftPackageProductDependency;
			package = AB2AD8FD23F3FEDE00D2C4C9 /* XCRemoteSwiftPackageReference "Differ" */;
			productName = Differ;
		};
		AB6809F023F27C6300D3040D /* RxSwift */ = {
			isa = XCSwiftPackageProductDependency;
			package = AB6809EF23F27C6300D3040D /* XCRemoteSwiftPackageReference "RxSwift" */;
			productName = RxSwift;
		};
		AB6809F223F27C6300D3040D /* RxTest */ = {
			isa = XCSwiftPackageProductDependency;
			package = AB6809EF23F27C6300D3040D /* XCRemoteSwiftPackageReference "RxSwift" */;
			productName = RxTest;
		};
		AB6809F423F27C6300D3040D /* RxRelay */ = {
			isa = XCSwiftPackageProductDependency;
			package = AB6809EF23F27C6300D3040D /* XCRemoteSwiftPackageReference "RxSwift" */;
			productName = RxRelay;
		};
		AB6809F623F27C6300D3040D /* RxCocoa */ = {
			isa = XCSwiftPackageProductDependency;
			package = AB6809EF23F27C6300D3040D /* XCRemoteSwiftPackageReference "RxSwift" */;
			productName = RxCocoa;
		};
		AB6809F823F27C6300D3040D /* RxBlocking */ = {
			isa = XCSwiftPackageProductDependency;
			package = AB6809EF23F27C6300D3040D /* XCRemoteSwiftPackageReference "RxSwift" */;
			productName = RxBlocking;
		};
/* End XCSwiftPackageProductDependency section */
	};
	rootObject = AB6809B423F26B1300D3040D /* Project object */;
}
